{
  "name": "ai-chat-console-server",
  "version": "0.0.0",
  "lockfileVersion": 3,
  "requires": true,
  "packages": {
    "": {
      "name": "ai-chat-console-server",
      "version": "0.0.0",
      "license": "MIT",
      "devDependencies": {
        "@tsconfig/node-lts": "^22.0.2"
      }
    },
    "node_modules/@tsconfig/node-lts": {
      "version": "22.0.2",
      "resolved": "https://registry.npmjs.org/@tsconfig/node-lts/-/node-lts-22.0.2.tgz",
      "integrity": "sha512-Kgq5yXTvnUnvlhob0xJpOH4na9PWtuFhHSf94MpDwnENWgiFeJKDNANQV2MT1WpXZYkK2WSWfVYKhVkR7bc8TA==",
      "dev": true,
      "license": "MIT"
    }
  }
}
